{
  "version": 4,
  "terraform_version": "1.8.2",
  "serial": 12,
  "lineage": "095056bd-3933-578a-86d4-34968536d37e",
  "outputs": {},
  "resources": [
    {
      "mode": "managed",
      "type": "azurerm_resource_group",
      "name": "rg",
      "provider": "provider[\"registry.terraform.io/hashicorp/azurerm\"]",
      "instances": [
        {
          "schema_version": 0,
          "attributes": {
            "id": "/subscriptions/a8d78343-2961-4f48-8e72-6abab29a93af/resourceGroups/rg-cloud-devops-lab",
            "location": "eastus",
            "managed_by": "",
            "name": "rg-cloud-devops-lab",
            "tags": {
              "Day": "01",
              "Environment": "Dev",
              "Project": "cloud-devops-lab"
            },
            "timeouts": null
          },
          "sensitive_attributes": [],
          "private": "eyJlMmJmYjczMC1lY2FhLTExZTYtOGY4OC0zNDM2M2JjN2M0YzAiOnsiY3JlYXRlIjo1NDAwMDAwMDAwMDAwLCJkZWxldGUiOjU0MDAwMDAwMDAwMDAsInJlYWQiOjMwMDAwMDAwMDAwMCwidXBkYXRlIjo1NDAwMDAwMDAwMDAwfX0="
        }
      ]
    }
  ],
  "check_results": null
}
